// !$*UTF8*$!
{
	archiveVersion = 1;
	classes = {
	};
	objectVersion = 55;
	objects = {

/* Begin PBXBuildFile section */
		B509A349277F0A1D006E363F /* appuiApp.swift in Sources */ = {isa = PBXBuildFile; fileRef = B509A348277F0A1D006E363F /* appuiApp.swift */; };
		B509A34B277F0A1D006E363F /* ContentView.swift in Sources */ = {isa = PBXBuildFile; fileRef = B509A34A277F0A1D006E363F /* ContentView.swift */; };
		B509A34D277F0A21006E363F /* Assets.xcassets in Resources */ = {isa = PBXBuildFile; fileRef = B509A34C277F0A21006E363F /* Assets.xcassets */; };
		B509A350277F0A21006E363F /* Preview Assets.xcassets in Resources */ = {isa = PBXBuildFile; fileRef = B509A34F277F0A21006E363F /* Preview Assets.xcassets */; };
		B509A357277F0AF2006E363F /* HomeUI.swift in Sources */ = {isa = PBXBuildFile; fileRef = B509A356277F0AF2006E363F /* HomeUI.swift */; };
		B509A359277F0BC8006E363F /* Utilities.swift in Sources */ = {isa = PBXBuildFile; fileRef = B509A358277F0BC8006E363F /* Utilities.swift */; };
		B509A35C277F0DEE006E363F /* HomeNextUI.swift in Sources */ = {isa = PBXBuildFile; fileRef = B509A35B277F0DEE006E363F /* HomeNextUI.swift */; };
		B509A35E277F2A16006E363F /* CustomTabUI.swift in Sources */ = {isa = PBXBuildFile; fileRef = B509A35D277F2A15006E363F /* CustomTabUI.swift */; };
		B509A360277F2A25006E363F /* CustomTabCellUI.swift in Sources */ = {isa = PBXBuildFile; fileRef = B509A35F277F2A25006E363F /* CustomTabCellUI.swift */; };
/* End PBXBuildFile section */

/* Begin PBXFileReference section */
		B509A345277F0A1D006E363F /* appui.app */ = {isa = PBXFileReference; explicitFileType = wrapper.application; includeInIndex = 0; path = appui.app; sourceTree = BUILT_PRODUCTS_DIR; };
		B509A348277F0A1D006E363F /* appuiApp.swift */ = {isa = PBXFileReference; lastKnownFileType = sourcecode.swift; path = appuiApp.swift; sourceTree = "<group>"; };
		B509A34A277F0A1D006E363F /* ContentView.swift */ = {isa = PBXFileReference; lastKnownFileType = sourcecode.swift; path = ContentView.swift; sourceTree = "<group>"; };
		B509A34C277F0A21006E363F /* Assets.xcassets */ = {isa = PBXFileReference; lastKnownFileType = folder.assetcatalog; path = Assets.xcassets; sourceTree = "<group>"; };
		B509A34F277F0A21006E363F /* Preview Assets.xcassets */ = {isa = PBXFileReference; lastKnownFileType = folder.assetcatalog; path = "Preview Assets.xcassets"; sourceTree = "<group>"; };
		B509A356277F0AF2006E363F /* HomeUI.swift */ = {isa = PBXFileReference; lastKnownFileType = sourcecode.swift; path = HomeUI.swift; sourceTree = "<group>"; };
		B509A358277F0BC8006E363F /* Utilities.swift */ = {isa = PBXFileReference; lastKnownFileType = sourcecode.swift; path = Utilities.swift; sourceTree = "<group>"; };
		B509A35B277F0DEE006E363F /* HomeNextUI.swift */ = {isa = PBXFileReference; lastKnownFileType = sourcecode.swift; path = HomeNextUI.swift; sourceTree = "<group>"; };
		B509A35D277F2A15006E363F /* CustomTabUI.swift */ = {isa = PBXFileReference; lastKnownFileType = sourcecode.swift; path = CustomTabUI.swift; sourceTree = "<group>"; };
		B509A35F277F2A25006E363F /* CustomTabCellUI.swift */ = {isa = PBXFileReference; lastKnownFileType = sourcecode.swift; path = CustomTabCellUI.swift; sourceTree = "<group>"; };
/* End PBXFileReference section */

/* Begin PBXFrameworksBuildPhase section */
		B509A342277F0A1D006E363F /* Frameworks */ = {
			isa = PBXFrameworksBuildPhase;
			buildActionMask = 2147483647;
			files = (
			);
			runOnlyForDeploymentPostprocessing = 0;
		};
/* End PBXFrameworksBuildPhase section */

/* Begin PBXGroup section */
		B509A33C277F0A1D006E363F = {
			isa = PBXGroup;
			children = (
				B509A347277F0A1D006E363F /* appui */,
				B509A346277F0A1D006E363F /* Products */,
			);
			sourceTree = "<group>";
		};
		B509A346277F0A1D006E363F /* Products */ = {
			isa = PBXGroup;
			children = (
				B509A345277F0A1D006E363F /* appui.app */,
			);
			name = Products;
			sourceTree = "<group>";
		};
		B509A347277F0A1D006E363F /* appui */ = {
			isa = PBXGroup;
			children = (
				B509A348277F0A1D006E363F /* appuiApp.swift */,
				B509A34A277F0A1D006E363F /* ContentView.swift */,
				B509A35A277F0DC3006E363F /* Home */,
				B509A358277F0BC8006E363F /* Utilities.swift */,
				B509A34C277F0A21006E363F /* Assets.xcassets */,
				B509A34E277F0A21006E363F /* Preview Content */,
			);
			path = appui;
			sourceTree = "<group>";
		};
		B509A34E277F0A21006E363F /* Preview Content */ = {
			isa = PBXGroup;
			children = (
				B509A34F277F0A21006E363F /* Preview Assets.xcassets */,
			);
			path = "Preview Content";
			sourceTree = "<group>";
		};
		B509A35A277F0DC3006E363F /* Home */ = {
			isa = PBXGroup;
			children = (
				B509A356277F0AF2006E363F /* HomeUI.swift */,
				B509A35D277F2A15006E363F /* CustomTabUI.swift */,
				B509A35F277F2A25006E363F /* CustomTabCellUI.swift */,
				B509A35B277F0DEE006E363F /* HomeNextUI.swift */,
			);
			path = Home;
			sourceTree = "<group>";
		};
/* End PBXGroup section */

/* Begin PBXNativeTarget section */
		B509A344277F0A1D006E363F /* appui */ = {
			isa = PBXNativeTarget;
			buildConfigurationList = B509A353277F0A21006E363F /* Build configuration list for PBXNativeTarget "appui" */;
			buildPhases = (
				B509A341277F0A1D006E363F /* Sources */,
				B509A342277F0A1D006E363F /* Frameworks */,
				B509A343277F0A1D006E363F /* Resources */,
			);
			buildRules = (
			);
			dependencies = (
			);
			name = appui;
			productName = appui;
			productReference = B509A345277F0A1D006E363F /* appui.app */;
			productType = "com.apple.product-type.application";
		};
/* End PBXNativeTarget section */

/* Begin PBXProject section */
		B509A33D277F0A1D006E363F /* Project object */ = {
			isa = PBXProject;
			attributes = {
				BuildIndependentTargetsInParallel = 1;
				LastSwiftUpdateCheck = 1320;
				LastUpgradeCheck = 1320;
				TargetAttributes = {
					B509A344277F0A1D006E363F = {
						CreatedOnToolsVersion = 13.2.1;
					};
				};
			};
			buildConfigurationList = B509A340277F0A1D006E363F /* Build configuration list for PBXProject "appui" */;
			compatibilityVersion = "Xcode 13.0";
			developmentRegion = en;
			hasScannedForEncodings = 0;
			knownRegions = (
				en,
				Base,
			);
			mainGroup = B509A33C277F0A1D006E363F;
			productRefGroup = B509A346277F0A1D006E363F /* Products */;
			projectDirPath = "";
			projectRoot = "";
			targets = (
				B509A344277F0A1D006E363F /* appui */,
			);
		};
/* End PBXProject section */

/* Begin PBXResourcesBuildPhase section */
		B509A343277F0A1D006E363F /* Resources */ = {
			isa = PBXResourcesBuildPhase;
			buildActionMask = 2147483647;
			files = (
				B509A350277F0A21006E363F /* Preview Assets.xcassets in Resources */,
				B509A34D277F0A21006E363F /* Assets.xcassets in Resources */,
			);
			runOnlyForDeploymentPostprocessing = 0;
		};
/* End PBXResourcesBuildPhase section */

/* Begin PBXSourcesBuildPhase section */
		B509A341277F0A1D006E363F /* Sources */ = {
			isa = PBXSourcesBuildPhase;
			buildActionMask = 2147483647;
			files = (
				B509A359277F0BC8006E363F /* Utilities.swift in Sources */,
				B509A357277F0AF2006E363F /* HomeUI.swift in Sources */,
				B509A34B277F0A1D006E363F /* ContentView.swift in Sources */,
				B509A360277F2A25006E363F /* CustomTabCellUI.swift in Sources */,
				B509A35C277F0DEE006E363F /* HomeNextUI.swift in Sources */,
				B509A35E277F2A16006E363F /* CustomTabUI.swift in Sources */,
				B509A349277F0A1D006E363F /* appuiApp.swift in Sources */,
			);
			runOnlyForDeploymentPostprocessing = 0;
		};
/* End PBXSourcesBuildPhase section */

/* Begin XCBuildConfiguration section */
		B509A351277F0A21006E363F /* Debug */ = {
			isa = XCBuildConfiguration;
			buildSettings = {
				ALWAYS_SEARCH_USER_PATHS = NO;
				CLANG_ANALYZER_NONNULL = YES;
				CLANG_ANALYZER_NUMBER_OBJECT_CONVERSION = YES_AGGRESSIVE;
				CLANG_CXX_LANGUAGE_STANDARD = "gnu++17";
				CLANG_CXX_LIBRARY = "libc++";
				CLANG_ENABLE_MODULES = YES;
				CLANG_ENABLE_OBJC_ARC = YES;
				CLANG_ENABLE_OBJC_WEAK = YES;
				CLANG_WARN_BLOCK_CAPTURE_AUTORELEASING = YES;
				CLANG_WARN_BOOL_CONVERSION = YES;
				CLANG_WARN_COMMA = YES;
				CLANG_WARN_CONSTANT_CONVERSION = YES;
				CLANG_WARN_DEPRECATED_OBJC_IMPLEMENTATIONS = YES;
				CLANG_WARN_DIRECT_OBJC_ISA_USAGE = YES_ERROR;
				CLANG_WARN_DOCUMENTATION_COMMENTS = YES;
				CLANG_WARN_EMPTY_BODY = YES;
				CLANG_WARN_ENUM_CONVERSION = YES;
				CLANG_WARN_INFINITE_RECURSION = YES;
				CLANG_WARN_INT_CONVERSION = YES;
				CLANG_WARN_NON_LITERAL_NULL_CONVERSION = YES;
				CLANG_WARN_OBJC_IMPLICIT_RETAIN_SELF = YES;
				CLANG_WARN_OBJC_LITERAL_CONVERSION = YES;
				CLANG_WARN_OBJC_ROOT_CLASS = YES_ERROR;
				CLANG_WARN_QUOTED_INCLUDE_IN_FRAMEWORK_HEADER = YES;
				CLANG_WARN_RANGE_LOOP_ANALYSIS = YES;
				CLANG_WARN_STRICT_PROTOTYPES = YES;
				CLANG_WARN_SUSPICIOUS_MOVE = YES;
				CLANG_WARN_UNGUARDED_AVAILABILITY = YES_AGGRESSIVE;
				CLANG_WARN_UNREACHABLE_CODE = YES;
				CLANG_WARN__DUPLICATE_METHOD_MATCH = YES;
				COPY_PHASE_STRIP = NO;
				DEBUG_INFORMATION_FORMAT = dwarf;
				ENABLE_STRICT_OBJC_MSGSEND = YES;
				ENABLE_TESTABILITY = YES;
				GCC_C_LANGUAGE_STANDARD = gnu11;
				GCC_DYNAMIC_NO_PIC = NO;
				GCC_NO_COMMON_BLOCKS = YES;
				GCC_OPTIMIZATION_LEVEL = 0;
				GCC_PREPROCESSOR_DEFINITIONS = (
					"DEBUG=1",
					"$(inherited)",
				);
				GCC_WARN_64_TO_32_BIT_CONVERSION = YES;
				GCC_WARN_ABOUT_RETURN_TYPE = YES_ERROR;
				GCC_WARN_UNDECLARED_SELECTOR = YES;
				GCC_WARN_UNINITIALIZED_AUTOS = YES_AGGRESSIVE;
				GCC_WARN_UNUSED_FUNCTION = YES;
				GCC_WARN_UNUSED_VARIABLE = YES;
				IPHONEOS_DEPLOYMENT_TARGET = 15.2;
				MTL_ENABLE_DEBUG_INFO = INCLUDE_SOURCE;
				MTL_FAST_MATH = YES;
				ONLY_ACTIVE_ARCH = YES;
				SDKROOT = iphoneos;
				SWIFT_ACTIVE_COMPILATION_CONDITIONS = DEBUG;
				SWIFT_OPTIMIZATION_LEVEL = "-Onone";
			};
			name = Debug;
		};
		B509A352277F0A21006E363F /* Release */ = {
			isa = XCBuildConfiguration;
			buildSettings = {
				ALWAYS_SEARCH_USER_PATHS = NO;
				CLANG_ANALYZER_NONNULL = YES;
				CLANG_ANALYZER_NUMBER_OBJECT_CONVERSION = YES_AGGRESSIVE;
				CLANG_CXX_LANGUAGE_STANDARD = "gnu++17";
				CLANG_CXX_LIBRARY = "libc++";
				CLANG_ENABLE_MODULES = YES;
				CLANG_ENABLE_OBJC_ARC = YES;
				CLANG_ENABLE_OBJC_WEAK = YES;
				CLANG_WARN_BLOCK_CAPTURE_AUTORELEASING = YES;
				CLANG_WARN_BOOL_CONVERSION = YES;
				CLANG_WARN_COMMA = YES;
				CLANG_WARN_CONSTANT_CONVERSION = YES;
				CLANG_WARN_DEPRECATED_OBJC_IMPLEMENTATIONS = YES;
				CLANG_WARN_DIRECT_OBJC_ISA_USAGE = YES_ERROR;
				CLANG_WARN_DOCUMENTATION_COMMENTS = YES;
				CLANG_WARN_EMPTY_BODY = YES;
				CLANG_WARN_ENUM_CONVERSION = YES;
				CLANG_WARN_INFINITE_RECURSION = YES;
				CLANG_WARN_INT_CONVERSION = YES;
				CLANG_WARN_NON_LITERAL_NULL_CONVERSION = YES;
				CLANG_WARN_OBJC_IMPLICIT_RETAIN_SELF = YES;
				CLANG_WARN_OBJC_LITERAL_CONVERSION = YES;
				CLANG_WARN_OBJC_ROOT_CLASS = YES_ERROR;
				CLANG_WARN_QUOTED_INCLUDE_IN_FRAMEWORK_HEADER = YES;
				CLANG_WARN_RANGE_LOOP_ANALYSIS = YES;
				CLANG_WARN_STRICT_PROTOTYPES = YES;
				CLANG_WARN_SUSPICIOUS_MOVE = YES;
				CLANG_WARN_UNGUARDED_AVAILABILITY = YES_AGGRESSIVE;
				CLANG_WARN_UNREACHABLE_CODE = YES;
				CLANG_WARN__DUPLICATE_METHOD_MATCH = YES;
				COPY_PHASE_STRIP = NO;
				DEBUG_INFORMATION_FORMAT = "dwarf-with-dsym";
				ENABLE_NS_ASSERTIONS = NO;
				ENABLE_STRICT_OBJC_MSGSEND = YES;
				GCC_C_LANGUAGE_STANDARD = gnu11;
				GCC_NO_COMMON_BLOCKS = YES;
				GCC_WARN_64_TO_32_BIT_CONVERSION = YES;
				GCC_WARN_ABOUT_RETURN_TYPE = YES_ERROR;
				GCC_WARN_UNDECLARED_SELECTOR = YES;
				GCC_WARN_UNINITIALIZED_AUTOS = YES_AGGRESSIVE;
				GCC_WARN_UNUSED_FUNCTION = YES;
				GCC_WARN_UNUSED_VARIABLE = YES;
				IPHONEOS_DEPLOYMENT_TARGET = 15.2;
				MTL_ENABLE_DEBUG_INFO = NO;
				MTL_FAST_MATH = YES;
				SDKROOT = iphoneos;
				SWIFT_COMPILATION_MODE = wholemodule;
				SWIFT_OPTIMIZATION_LEVEL = "-O";
				VALIDATE_PRODUCT = YES;
			};
			name = Release;
		};
		B509A354277F0A21006E363F /* Debug */ = {
			isa = XCBuildConfiguration;
			buildSettings = {
				ASSETCATALOG_COMPILER_APPICON_NAME = AppIcon;
				ASSETCATALOG_COMPILER_GLOBAL_ACCENT_COLOR_NAME = AccentColor;
				CODE_SIGN_STYLE = Automatic;
				CURRENT_PROJECT_VERSION = 1;
				DEVELOPMENT_ASSET_PATHS = "\"appui/Preview Content\"";
				DEVELOPMENT_TEAM = JT3AY776W8;
				ENABLE_PREVIEWS = YES;
				GENERATE_INFOPLIST_FILE = YES;
				INFOPLIST_KEY_UIApplicationSceneManifest_Generation = YES;
				INFOPLIST_KEY_UIApplicationSupportsIndirectInputEvents = YES;
				INFOPLIST_KEY_UILaunchScreen_Generation = YES;
				INFOPLIST_KEY_UISupportedInterfaceOrientations_iPad = "UIInterfaceOrientationPortrait UIInterfaceOrientationPortraitUpsideDown UIInterfaceOrientationLandscapeLeft UIInterfaceOrientationLandscapeRight";
				INFOPLIST_KEY_UISupportedInterfaceOrientations_iPhone = "UIInterfaceOrientationPortrait UIInterfaceOrientationLandscapeLeft UIInterfaceOrientationLandscapeRight";
				LD_RUNPATH_SEARCH_PATHS = (
					"$(inherited)",
					"@executable_path/Frameworks",
				);
				MARKETING_VERSION = 1.0;
				PRODUCT_BUNDLE_IDENTIFIER = com.dxbusinessgroup.appui;
				PRODUCT_NAME = "$(TARGET_NAME)";
				SWIFT_EMIT_LOC_STRINGS = YES;
				SWIFT_VERSION = 5.0;
				TARGETED_DEVICE_FAMILY = "1,2";
			};
			name = Debug;
		};
		B509A355277F0A21006E363F /* Release */ = {
			isa = XCBuildConfiguration;
			buildSettings = {
				ASSETCATALOG_COMPILER_APPICON_NAME = AppIcon;
				ASSETCATALOG_COMPILER_GLOBAL_ACCENT_COLOR_NAME = AccentColor;
				CODE_SIGN_STYLE = Automatic;
				CURRENT_PROJECT_VERSION = 1;
				DEVELOPMENT_ASSET_PATHS = "\"appui/Preview Content\"";
				DEVELOPMENT_TEAM = JT3AY776W8;
				ENABLE_PREVIEWS = YES;
				GENERATE_INFOPLIST_FILE = YES;
				INFOPLIST_KEY_UIApplicationSceneManifest_Generation = YES;
				INFOPLIST_KEY_UIApplicationSupportsIndirectInputEvents = YES;
				INFOPLIST_KEY_UILaunchScreen_Generation = YES;
				INFOPLIST_KEY_UISupportedInterfaceOrientations_iPad = "UIInterfaceOrientationPortrait UIInterfaceOrientationPortraitUpsideDown UIInterfaceOrientationLandscapeLeft UIInterfaceOrientationLandscapeRight";
				INFOPLIST_KEY_UISupportedInterfaceOrientations_iPhone = "UIInterfaceOrientationPortrait UIInterfaceOrientationLandscapeLeft UIInterfaceOrientationLandscapeRight";
				LD_RUNPATH_SEARCH_PATHS = (
					"$(inherited)",
					"@executable_path/Frameworks",
				);
				MARKETING_VERSION = 1.0;
				PRODUCT_BUNDLE_IDENTIFIER = com.dxbusinessgroup.appui;
				PRODUCT_NAME = "$(TARGET_NAME)";
				SWIFT_EMIT_LOC_STRINGS = YES;
				SWIFT_VERSION = 5.0;
				TARGETED_DEVICE_FAMILY = "1,2";
			};
			name = Release;
		};
/* End XCBuildConfiguration section */

/* Begin XCConfigurationList section */
		B509A340277F0A1D006E363F /* Build configuration list for PBXProject "appui" */ = {
			isa = XCConfigurationList;
			buildConfigurations = (
				B509A351277F0A21006E363F /* Debug */,
				B509A352277F0A21006E363F /* Release */,
			);
			defaultConfigurationIsVisible = 0;
			defaultConfigurationName = Release;
		};
		B509A353277F0A21006E363F /* Build configuration list for PBXNativeTarget "appui" */ = {
			isa = XCConfigurationList;
			buildConfigurations = (
				B509A354277F0A21006E363F /* Debug */,
				B509A355277F0A21006E363F /* Release */,
			);
			defaultConfigurationIsVisible = 0;
			defaultConfigurationName = Release;
		};
/* End XCConfigurationList section */
	};
	rootObject = B509A33D277F0A1D006E363F /* Project object */;
}
